{
  "lockfileVersion": 1,
  "configVersion": 1,
  "workspaces": {
    "": {
      "name": "obs-telegram-agent",
      "dependencies": {
        "@openrouter/agent": "0.9.0",
        "@openrouter/mcp": "1.0.0",
        "@opentelemetry/api": "^1.9.1",
        "@opentelemetry/exporter-metrics-otlp-http": "^0.221.0",
        "@opentelemetry/exporter-trace-otlp-http": "^0.221.0",
        "@opentelemetry/resources": "^2.10.0",
        "@opentelemetry/sdk-metrics": "^2.10.0",
        "@opentelemetry/sdk-node": "^0.221.0",
        "@opentelemetry/sdk-trace-base": "^2.10.0",
        "@opentelemetry/semantic-conventions": "^1.43.0",
        "grammy": "^1.45.1",
      },
      "devDependencies": {
        "@types/bun": "^1.3.14",
        "typescript": "^7.0.2",
      },
    },
  },
  "packages": {
    "@grammyjs/types": ["@grammyjs/types@4.0.0", "", {}, "sha512-Z8lDLTvOlo12e5Vnly/vQh3JC9ppaitS1dGZ3w068gNitOd/y8tTSiib+Xm38aBGbtYGmUZwOc6afYrLs2CSTg=="],

    "@grpc/grpc-js": ["@grpc/grpc-js@1.14.4", "", { "dependencies": { "@grpc/proto-loader": "^0.8.0", "@js-sdsl/ordered-map": "^4.4.2" } }, "sha512-k9Dj3DV/itK9D06Y8f190Qgop7/Ui+D0njFV3LHMPwPT75DpXLQohE9Wmz0QElrJnzsjB7KPWiKJbOl7IPDArQ=="],

    "@grpc/proto-loader": ["@grpc/proto-loader@0.8.1", "", { "dependencies": { "lodash.camelcase": "^4.3.0", "long": "^5.0.0", "protobufjs": "^7.5.5", "yargs": "^17.7.2" }, "bin": { "proto-loader-gen-types": "build/bin/proto-loader-gen-types.js" } }, "sha512-wtF6h+DY6M3YaDBPAmvuuA6jV8Sif9MjtOI5euKFWRgCDl5PeDpPsHR9u2l6St5ceY8AZgoNDww5+HvEsXFsGg=="],

    "@js-sdsl/ordered-map": ["@js-sdsl/ordered-map@4.4.2", "", {}, "sha512-iUKgm52T8HOE/makSxjqoWhe95ZJA1/G1sYsGev2JDKUSS14KAgg1LHb+Ba+IPow0xflbnSkOsZcO08C7w1gYw=="],

    "@modelcontextprotocol/client": ["@modelcontextprotocol/client@2.0.0", "", { "dependencies": { "@modelcontextprotocol/core": "2.0.0", "cross-spawn": "^7.0.5", "eventsource": "^3.0.2", "eventsource-parser": "^3.0.0", "jose": "^6.1.3", "pkce-challenge": "^5.0.0", "zod": "^4.2.0" } }, "sha512-8f1OghQ2rjzIOfqgUCP+8GiUWqRs89njoWLNqAe8kWmDePv3s1fZXseej+QXemssEuuOvLLmLO/kqM3IQHtISw=="],

    "@modelcontextprotocol/core": ["@modelcontextprotocol/core@2.0.0", "", { "dependencies": { "zod": "^4.2.0" } }, "sha512-pJCEwGG7Lfr/+PQp9ZTwKXNeO5wzbfKL7H3MYpCorM4oFBoQrdjnBgEoqG+RjhsvS1FKrDbKux+M1HhlnGWqcA=="],

    "@openrouter/agent": ["@openrouter/agent@0.9.0", "", { "dependencies": { "@openrouter/sdk": "^0.13.7", "zod": "^4.0.0" } }, "sha512-VYXRbMBbvLFwqzySZF6f52EtzMpRO356A8pasijGheNaoOgkHmOcDa6Xr4STpdoySMxCleilTvDp4AvD17+bFA=="],

    "@openrouter/mcp": ["@openrouter/mcp@1.0.0", "", { "dependencies": { "@modelcontextprotocol/client": "^2.0.0", "@openrouter/agent": "0.9.0", "zod": "^4.0.0" } }, "sha512-bwxEQHkbWcWv1tnNPkKpcglyZKaL2wB2coam43YBdO8QbIQ00e95pURlsMjBYLOeCztvc3AGUOpoS84EwcFseg=="],

    "@openrouter/sdk": ["@openrouter/sdk@0.13.67", "", { "dependencies": { "zod": "^3.25.0 || ^4.0.0" } }, "sha512-kUVaFYA9Xehq67ndTk98i+tRLfYH/F6xSf/WuC8dsukBzcgBvYQydoeKw4Xe+peXG/wOVtDxukWt5SqzhbloKw=="],

    "@opentelemetry/api": ["@opentelemetry/api@1.9.1", "", {}, "sha512-gLyJlPHPZYdAk1JENA9LeHejZe1Ti77/pTeFm/nMXmQH/HFZlcS/O2XJB+L8fkbrNSqhdtlvjBVjxwUYanNH5Q=="],

    "@opentelemetry/api-logs": ["@opentelemetry/api-logs@0.221.0", "", { "dependencies": { "@opentelemetry/api": "^1.3.0" } }, "sha512-OlanaW1vv7ufTqQ3/fPLI4arGt5ZoM+P8abOMki6uEYnpRazepSWDwDnnw+la7kE26SHVC18//SMccrDvLKOXQ=="],

    "@opentelemetry/configuration": ["@opentelemetry/configuration@0.221.0", "", { "dependencies": { "@opentelemetry/core": "2.10.0", "yaml": "^2.8.3" }, "peerDependencies": { "@opentelemetry/api": "^1.9.0" } }, "sha512-uE9y56Zdi9Gt/RdxYnVOo3YmFZkKJJMA0gqtBe8wh8gdtF5Asqe+Oh/TWiDtFb1s+31jNY4CWgnfIB1KOITfFA=="],

    "@opentelemetry/context-async-hooks": ["@opentelemetry/context-async-hooks@2.10.0", "", { "peerDependencies": { "@opentelemetry/api": ">=1.0.0 <1.10.0" } }, "sha512-bvyMcgLEkozzSzpEEEo1OMoeQ97bxj6Qs2uN3mPrSdDvObMI1myffD/BPqcLlzZO9//d1SqQA/WPw7Cz2AiqhA=="],

    "@opentelemetry/core": ["@opentelemetry/core@2.10.0", "", { "dependencies": { "@opentelemetry/semantic-conventions": "^1.29.0" }, "peerDependencies": { "@opentelemetry/api": ">=1.0.0 <1.10.0" } }, "sha512-/wNZ8twnEQQA4HoHu22+vcsdru6pWPWxW+7w+FlxT6Id7PE/WIbZmVKkte+PF72e0F2dnImFeHD2syyE1Mw6MQ=="],

    "@opentelemetry/exporter-logs-otlp-grpc": ["@opentelemetry/exporter-logs-otlp-grpc@0.221.0", "", { "dependencies": { "@opentelemetry/otlp-exporter-base": "0.221.0", "@opentelemetry/otlp-grpc-exporter-base": "0.221.0", "@opentelemetry/otlp-transformer": "0.221.0", "@opentelemetry/sdk-logs": "0.221.0" }, "peerDependencies": { "@opentelemetry/api": "^1.3.0" } }, "sha512-txG1G0IrYSsKKMeiWZfj/i5cQmWB+h+hf3HzPpF3RqZVwp+iQQEIsv8Vtmzy6RWVdHdJZfygmVrBI39YTBvWcw=="],

    "@opentelemetry/exporter-logs-otlp-http": ["@opentelemetry/exporter-logs-otlp-http@0.221.0", "", { "dependencies": { "@opentelemetry/otlp-exporter-base": "0.221.0", "@opentelemetry/otlp-transformer": "0.221.0", "@opentelemetry/sdk-logs": "0.221.0" }, "peerDependencies": { "@opentelemetry/api": "^1.3.0" } }, "sha512-nKXkr4Tomi6fjYVOf+ytcW3dZAVr4v4Bv5gsT6dr2gvpUPJpKgHB4XbMufMsPotRE3g0XH2GwVVCkN2w6SON+Q=="],

    "@opentelemetry/exporter-logs-otlp-proto": ["@opentelemetry/exporter-logs-otlp-proto@0.221.0", "", { "dependencies": { "@opentelemetry/otlp-exporter-base": "0.221.0", "@opentelemetry/otlp-transformer": "0.221.0", "@opentelemetry/sdk-logs": "0.221.0" }, "peerDependencies": { "@opentelemetry/api": "^1.3.0" } }, "sha512-AH6EY+47gXFaWYgG3hfeOneGiE9xIZGtDBk+9g0sM8NZWzsQhhmqPbQQXJzS7pyCh5jRRr2nYNXVrkCmoojRvQ=="],

    "@opentelemetry/exporter-metrics-otlp-grpc": ["@opentelemetry/exporter-metrics-otlp-grpc@0.221.0", "", { "dependencies": { "@opentelemetry/exporter-metrics-otlp-http": "0.221.0", "@opentelemetry/otlp-grpc-exporter-base": "0.221.0", "@opentelemetry/otlp-transformer": "0.221.0" }, "peerDependencies": { "@opentelemetry/api": "^1.3.0" } }, "sha512-KOgCtO15FC6C1T/xOqBcr7EyUs7B+7yomGNb5Y97d3s38rPbCCk5sewkmE2b0/itOkQ/PptX8CLlD+kn2mEtTg=="],

    "@opentelemetry/exporter-metrics-otlp-http": ["@opentelemetry/exporter-metrics-otlp-http@0.221.0", "", { "dependencies": { "@opentelemetry/core": "2.10.0", "@opentelemetry/otlp-exporter-base": "0.221.0", "@opentelemetry/otlp-transformer": "0.221.0", "@opentelemetry/resources": "2.10.0", "@opentelemetry/sdk-metrics": "2.10.0" }, "peerDependencies": { "@opentelemetry/api": "^1.3.0" } }, "sha512-sRfCKbOzgy8xZQV2as0RzIZlnCmCseCKZGLfRcrpo2CBngJDr+rPtX0zkG0+oUCV5kfQPUoW3W3C96Ag3Y/Clg=="],

    "@opentelemetry/exporter-metrics-otlp-proto": ["@opentelemetry/exporter-metrics-otlp-proto@0.221.0", "", { "dependencies": { "@opentelemetry/exporter-metrics-otlp-http": "0.221.0", "@opentelemetry/otlp-exporter-base": "0.221.0", "@opentelemetry/otlp-transformer": "0.221.0" }, "peerDependencies": { "@opentelemetry/api": "^1.3.0" } }, "sha512-YMF4LveY2I3yhw61rn6nmC9FE8U24IZHPeKU1Duc5+sbwjMd8FwZAwba318ImdThCg/HuVQvhm2y6bfgNPnfYg=="],

    "@opentelemetry/exporter-prometheus": ["@opentelemetry/exporter-prometheus@0.221.0", "", { "dependencies": { "@opentelemetry/core": "2.10.0", "@opentelemetry/resources": "2.10.0", "@opentelemetry/sdk-metrics": "2.10.0", "@opentelemetry/semantic-conventions": "^1.29.0" }, "peerDependencies": { "@opentelemetry/api": "^1.3.0" } }, "sha512-kW79a20qWESIuAdDrxzg9WKM98twV/NBWBFRAH57ap/+ssZhiCo0hckzKT0zpuwR/gSHrFAQhJL0bYDrnEM34g=="],

    "@opentelemetry/exporter-trace-otlp-grpc": ["@opentelemetry/exporter-trace-otlp-grpc@0.221.0", "", { "dependencies": { "@opentelemetry/otlp-exporter-base": "0.221.0", "@opentelemetry/otlp-grpc-exporter-base": "0.221.0", "@opentelemetry/otlp-transformer": "0.221.0", "@opentelemetry/sdk-trace": "2.10.0" }, "peerDependencies": { "@opentelemetry/api": "^1.3.0" } }, "sha512-zXminlZedtq9LvOW64CnNkOqk15zV75k8JgtdTuWFge6+jk2m4GmAUm6L2eIiG1o2a2bZxXw2PDrszm+bps0IA=="],

    "@opentelemetry/exporter-trace-otlp-http": ["@opentelemetry/exporter-trace-otlp-http@0.221.0", "", { "dependencies": { "@opentelemetry/otlp-exporter-base": "0.221.0", "@opentelemetry/otlp-transformer": "0.221.0", "@opentelemetry/sdk-trace": "2.10.0" }, "peerDependencies": { "@opentelemetry/api": "^1.3.0" } }, "sha512-AySXiKoC+meiWm6zdVj5T2LnPDZuatveBby1cMOeQteIWsYXAUxs8Sru13G2pVSPrUXz6vF+og7QVBX6GdC/oQ=="],

    "@opentelemetry/exporter-trace-otlp-proto": ["@opentelemetry/exporter-trace-otlp-proto@0.221.0", "", { "dependencies": { "@opentelemetry/otlp-exporter-base": "0.221.0", "@opentelemetry/otlp-transformer": "0.221.0", "@opentelemetry/sdk-trace": "2.10.0" }, "peerDependencies": { "@opentelemetry/api": "^1.3.0" } }, "sha512-Z9i2T7vgZbWe9rSLYxXVIbeW+XyzUq4rZanW3ZyVNwVDqCsh0EJKUgBWWQ0CZfeuUA+RQPzKgJQHMuWAUnKqXw=="],

    "@opentelemetry/exporter-zipkin": ["@opentelemetry/exporter-zipkin@2.10.0", "", { "dependencies": { "@opentelemetry/core": "2.10.0", "@opentelemetry/resources": "2.10.0", "@opentelemetry/sdk-trace": "2.10.0", "@opentelemetry/semantic-conventions": "^1.29.0" }, "peerDependencies": { "@opentelemetry/api": "^1.0.0" } }, "sha512-7gsvgf0UDoJ4l9ObrwBmz5G/ZogiPk+lq+g5GpLp24YQF/vPM/BSsnOfcLnfinast5ASUgLo78uSC/ObjlnXgg=="],

    "@opentelemetry/instrumentation": ["@opentelemetry/instrumentation@0.221.0", "", { "dependencies": { "@opentelemetry/api-logs": "0.221.0", "import-in-the-middle": "^3.0.0", "require-in-the-middle": "^8.0.0" }, "peerDependencies": { "@opentelemetry/api": "^1.3.0" } }, "sha512-cCk80Z/iRDf/5gfsKMB4f74LqVA5yKETB/9ojPzVW/6/f70iu89nJvGxsFCxx4XfSohaOofkU19kiYm84AiAlw=="],

    "@opentelemetry/otlp-exporter-base": ["@opentelemetry/otlp-exporter-base@0.221.0", "", { "dependencies": { "@opentelemetry/core": "2.10.0", "@opentelemetry/otlp-transformer": "0.221.0" }, "peerDependencies": { "@opentelemetry/api": "^1.3.0" } }, "sha512-UFPIq80OH3Ns/oPFHRj14d4DTOxUo+MUFU8hUiCq5jTqFhdeJnfVSANHT+xp92409cA+oxzvlZCe6NM1wvCuBA=="],

    "@opentelemetry/otlp-grpc-exporter-base": ["@opentelemetry/otlp-grpc-exporter-base@0.221.0", "", { "dependencies": { "@grpc/grpc-js": "^1.14.3", "@opentelemetry/core": "2.10.0", "@opentelemetry/otlp-exporter-base": "0.221.0", "@opentelemetry/otlp-transformer": "0.221.0" }, "peerDependencies": { "@opentelemetry/api": "^1.3.0" } }, "sha512-rQDmNgyiGCTrescjnzH2ntVyUKVIq6I2UjuK8+stT/Xg0ZOT71FVJqwjFdspQl6Yol/Yqsut9bDo+ame8oTmDQ=="],

    "@opentelemetry/otlp-transformer": ["@opentelemetry/otlp-transformer@0.221.0", "", { "dependencies": { "@opentelemetry/api-logs": "0.221.0", "@opentelemetry/core": "2.10.0", "@opentelemetry/resources": "2.10.0", "@opentelemetry/sdk-logs": "0.221.0", "@opentelemetry/sdk-metrics": "2.10.0", "@opentelemetry/sdk-trace": "2.10.0" }, "peerDependencies": { "@opentelemetry/api": "^1.3.0" } }, "sha512-lg6lkOU08Az23jVcn/0Els9HP+V8PnR4Km6p0KgpTggS0n/WuhnmY64rSh83Of9iR9nD+dpWr6adlcX8KzAwjg=="],

    "@opentelemetry/propagator-b3": ["@opentelemetry/propagator-b3@2.10.0", "", { "dependencies": { "@opentelemetry/core": "2.10.0" }, "peerDependencies": { "@opentelemetry/api": ">=1.0.0 <1.10.0" } }, "sha512-GnA5B24H+1w8BO21J0q+IWNB0z1v+AGbcquTdIt/dufibhnhgxaA8YKvz0I3akRZhB1jHT+/tlzK+qlAjEDybQ=="],

    "@opentelemetry/propagator-jaeger": ["@opentelemetry/propagator-jaeger@2.10.0", "", { "dependencies": { "@opentelemetry/core": "2.10.0" }, "peerDependencies": { "@opentelemetry/api": ">=1.0.0 <1.10.0" } }, "sha512-yw/IX8DL470dSMZJoE82ScfYGp7JWZ/G8kFJo35ZILUVTB2jFPTOaioN+8s09pH0RHsWNhweVZb+ZnjJJpCChg=="],

    "@opentelemetry/resources": ["@opentelemetry/resources@2.10.0", "", { "dependencies": { "@opentelemetry/core": "2.10.0", "@opentelemetry/semantic-conventions": "^1.29.0" }, "peerDependencies": { "@opentelemetry/api": ">=1.3.0 <1.10.0" } }, "sha512-q6MMm2zhggzsHVNbabYwut+a6nbuQQe3URUoxaojM/8K1IBfwwPzvxIjNi2/lI1TFe+fMHMW9MWhrtDLEXEnkA=="],

    "@opentelemetry/sdk-logs": ["@opentelemetry/sdk-logs@0.221.0", "", { "dependencies": { "@opentelemetry/api-logs": "0.221.0", "@opentelemetry/core": "2.10.0", "@opentelemetry/resources": "2.10.0", "@opentelemetry/semantic-conventions": "^1.29.0" }, "peerDependencies": { "@opentelemetry/api": ">=1.4.0 <1.10.0" } }, "sha512-FaDcazjyMp7TZZZAsqbo4IkovP0UegoCu0EBkiNt+qCqvUf7FPAsfcrZ3+ZEkKgXZ/jHafop+JoGPDk3A0SmLg=="],

    "@opentelemetry/sdk-metrics": ["@opentelemetry/sdk-metrics@2.10.0", "", { "dependencies": { "@opentelemetry/core": "2.10.0", "@opentelemetry/resources": "2.10.0" }, "peerDependencies": { "@opentelemetry/api": ">=1.9.0 <1.10.0" } }, "sha512-t6r1VSvXNtSDnPXU1FbZeetJb7yyovHmgu0wRSoftxtE0g2rSNhQZQUy69sRUCL+iioJpX8SN/S6wq6ZtvLySQ=="],

    "@opentelemetry/sdk-node": ["@opentelemetry/sdk-node@0.221.0", "", { "dependencies": { "@opentelemetry/api-logs": "0.221.0", "@opentelemetry/configuration": "0.221.0", "@opentelemetry/context-async-hooks": "2.10.0", "@opentelemetry/core": "2.10.0", "@opentelemetry/exporter-logs-otlp-grpc": "0.221.0", "@opentelemetry/exporter-logs-otlp-http": "0.221.0", "@opentelemetry/exporter-logs-otlp-proto": "0.221.0", "@opentelemetry/exporter-metrics-otlp-grpc": "0.221.0", "@opentelemetry/exporter-metrics-otlp-http": "0.221.0", "@opentelemetry/exporter-metrics-otlp-proto": "0.221.0", "@opentelemetry/exporter-prometheus": "0.221.0", "@opentelemetry/exporter-trace-otlp-grpc": "0.221.0", "@opentelemetry/exporter-trace-otlp-http": "0.221.0", "@opentelemetry/exporter-trace-otlp-proto": "0.221.0", "@opentelemetry/exporter-zipkin": "2.10.0", "@opentelemetry/instrumentation": "0.221.0", "@opentelemetry/otlp-exporter-base": "0.221.0", "@opentelemetry/otlp-grpc-exporter-base": "0.221.0", "@opentelemetry/propagator-b3": "2.10.0", "@opentelemetry/propagator-jaeger": "2.10.0", "@opentelemetry/resources": "2.10.0", "@opentelemetry/sdk-logs": "0.221.0", "@opentelemetry/sdk-metrics": "2.10.0", "@opentelemetry/sdk-trace": "2.10.0", "@opentelemetry/sdk-trace-base": "2.10.0", "@opentelemetry/sdk-trace-node": "2.10.0", "@opentelemetry/semantic-conventions": "^1.29.0" }, "peerDependencies": { "@opentelemetry/api": ">=1.3.0 <1.10.0" } }, "sha512-UbYuvtBrQQB5Prsh9KOKy4kxzexFxfMs5MkteHeWMoswsEB7kiNhyUVkAOFW/qsEzNHtrkgyghrD2ilZJa+5YA=="],

    "@opentelemetry/sdk-trace": ["@opentelemetry/sdk-trace@2.10.0", "", { "dependencies": { "@opentelemetry/core": "2.10.0", "@opentelemetry/resources": "2.10.0", "@opentelemetry/semantic-conventions": "^1.29.0" }, "peerDependencies": { "@opentelemetry/api": ">=1.3.0 <1.10.0" } }, "sha512-MfQGq3GRmTh5fM/y+OjaO0vj6+luCB1XO2gfXCalKCfgKw0eHL++sm75DNweC6ohlp+aFvACqeE0fYayqdRaoQ=="],

    "@opentelemetry/sdk-trace-base": ["@opentelemetry/sdk-trace-base@2.10.0", "", { "dependencies": { "@opentelemetry/core": "2.10.0", "@opentelemetry/resources": "2.10.0", "@opentelemetry/sdk-trace": "2.10.0", "@opentelemetry/semantic-conventions": "^1.29.0" }, "peerDependencies": { "@opentelemetry/api": ">=1.3.0 <1.10.0" } }, "sha512-GuYQQT7QD2EeO8lcZLRQzcbOyhqAzL+6WWTKTU9mSUBYBazkEDl+VrQcXQhbB08OWM9anD1aHleVadzulpOaUQ=="],

    "@opentelemetry/sdk-trace-node": ["@opentelemetry/sdk-trace-node@2.10.0", "", { "dependencies": { "@opentelemetry/context-async-hooks": "2.10.0", "@opentelemetry/core": "2.10.0", "@opentelemetry/sdk-trace-base": "2.10.0" }, "peerDependencies": { "@opentelemetry/api": ">=1.0.0 <1.10.0" } }, "sha512-GZK/G6oZyBLGlH1pUgeDch7D91KoHd2uotUGIkWCPi9GI5T9X0p4L7nNAMDR1BQjkRYoDqo+ddfVx9t5Uhys+Q=="],

    "@opentelemetry/semantic-conventions": ["@opentelemetry/semantic-conventions@1.43.0", "", {}, "sha512-eSYWTm620tTk45EKSedaUL8MFYI8hW164hIXsgIHyxu3VobUB3fFCu5t0hQby6OoWRPsG1KkKUG2M5UadiLiVg=="],

    "@protobufjs/aspromise": ["@protobufjs/aspromise@1.1.2", "", {}, "sha512-j+gKExEuLmKwvz3OgROXtrJ2UG2x8Ch2YZUxahh+s1F2HZ+wAceUNLkvy6zKCPVRkU++ZWQrdxsUeQXmcg4uoQ=="],

    "@protobufjs/base64": ["@protobufjs/base64@1.1.2", "", {}, "sha512-AZkcAA5vnN/v4PDqKyMR5lx7hZttPDgClv83E//FMNhR2TMcLUhfRUBHCmSl0oi9zMgDDqRUJkSxO3wm85+XLg=="],

    "@protobufjs/codegen": ["@protobufjs/codegen@2.0.5", "", {}, "sha512-zgXFLzW3Ap33e6d0Wlj4MGIm6Ce8O89n/apUaGNB/jx+hw+ruWEp7EwGUshdLKVRCxZW12fp9r40E1mQrf/34g=="],

    "@protobufjs/eventemitter": ["@protobufjs/eventemitter@1.1.1", "", {}, "sha512-vW1GmwMZNnL+gMRaovlh9yZX74kc+TTU3FObkkurpMaRtBfLP3ldjS9KQWlwZgraRE0+dheEEoAxdzcJQ8eXZg=="],

    "@protobufjs/fetch": ["@protobufjs/fetch@1.1.1", "", { "dependencies": { "@protobufjs/aspromise": "^1.1.1" } }, "sha512-GpptLrs57adMSuHi3VNj0mAF8dwh36LMaYF6XyJ6JMWlVsc+t42tm1HSEDmOs3A8fC9yyeisgLhsTVQokOZ0zw=="],

    "@protobufjs/float": ["@protobufjs/float@1.0.2", "", {}, "sha512-Ddb+kVXlXst9d+R9PfTIxh1EdNkgoRe5tOX6t01f1lYWOvJnSPDBlG241QLzcyPdoNTsblLUdujGSE4RzrTZGQ=="],

    "@protobufjs/path": ["@protobufjs/path@1.1.2", "", {}, "sha512-6JOcJ5Tm08dOHAbdR3GrvP+yUUfkjG5ePsHYczMFLq3ZmMkAD98cDgcT2iA1lJ9NVwFd4tH/iSSoe44YWkltEA=="],

    "@protobufjs/pool": ["@protobufjs/pool@1.1.0", "", {}, "sha512-0kELaGSIDBKvcgS4zkjz1PeddatrjYcmMWOlAuAPwAeccUrPHdUqo/J6LiymHHEiJT5NrF1UVwxY14f+fy4WQw=="],

    "@protobufjs/utf8": ["@protobufjs/utf8@1.1.2", "", {}, "sha512-b1UQwcEZ4yCnMCD8DAL1VlbvBJE9/IX4FTIp7BG1xYpf29SLazLSrqUkj4w7Y5y7cCVP6E5tcqqcI0xemPkHug=="],

    "@types/bun": ["@types/bun@1.3.14", "", { "dependencies": { "bun-types": "1.3.14" } }, "sha512-h1hFqFVcvAvD9j9K7ZW7vd82aSA+rTdznZa+5bwvCwqSB1jmmfLcbIWhOLx1/+boy/xmjgCs/OMUL8hRJSmnPw=="],

    "@types/node": ["@types/node@26.2.0", "", { "dependencies": { "undici-types": "~8.3.0" } }, "sha512-5IviulTZeRNp2vAJ514cc/HUlY5nZ9fCbq9DMyC52BrhFZACo3nI0R7qBxhQmo/d27NFe96ur/b7Wwxklda+kg=="],

    "@typescript/typescript-aix-ppc64": ["@typescript/typescript-aix-ppc64@7.0.2", "", { "os": "aix", "cpu": "ppc64" }, "sha512-MTKKkWB7p/0E9xi1d1tHtZ5PiLkGEMIq88pK2CubZjOsLtYTLqhgIgi6zepFa+9GHZ6h05NMCkQxGKiPXMxXtQ=="],

    "@typescript/typescript-darwin-arm64": ["@typescript/typescript-darwin-arm64@7.0.2", "", { "os": "darwin", "cpu": "arm64" }, "sha512-gowzar9MwS/aRWp6f3a4KUqzRjAZjOsmGNCM6LcTgXum+dBfgsBVMN+AgvOCCbguXyick6LJhpBszxMebJ8syA=="],

    "@typescript/typescript-darwin-x64": ["@typescript/typescript-darwin-x64@7.0.2", "", { "os": "darwin", "cpu": "x64" }, "sha512-SZ9xZInqApNlNGc9s0W1VSsktYSOe9cFqNOIqmN1Gs8SmkjKZYFt017G4VwPxASInODuAdbTW7sXiFUf893RgA=="],

    "@typescript/typescript-freebsd-arm64": ["@typescript/typescript-freebsd-arm64@7.0.2", "", { "os": "freebsd", "cpu": "arm64" }, "sha512-W5NH4y/J0plIIS5b2xvTEkU7JFxyqdMAOgf+Ilhl0vHQXKO5dZoxd+C/jEtq56c4F3wk71RB4BMRQ2XdI+bwYQ=="],

    "@typescript/typescript-freebsd-x64": ["@typescript/typescript-freebsd-x64@7.0.2", "", { "os": "freebsd", "cpu": "x64" }, "sha512-UMGDx5sTpzNw3WiPebH7l90IWfJggEd+egHt/q6p7/Cm3zqoV7VxkGXt+3DxPIw8CcmvAB0j3sVVfbhX+M4Tpw=="],

    "@typescript/typescript-linux-arm": ["@typescript/typescript-linux-arm@7.0.2", "", { "os": "linux", "cpu": "arm" }, "sha512-gffT3xPz9sR7j/YJExkyPntrI0P2EP9XbOyWzth2/Gs0RstK+90RBcO0ncXoXy/beYll1SXw846Nf2zdnEz0QQ=="],

    "@typescript/typescript-linux-arm64": ["@typescript/typescript-linux-arm64@7.0.2", "", { "os": "linux", "cpu": "arm64" }, "sha512-Qh4eU4/y3yDjnfjjyPYihMj5/ODIlmt+Bzu17OI+fiSRDW57QmU5SiN63exPRNJPKUzcc1INa1NXdrJ+MqHjUQ=="],

    "@typescript/typescript-linux-loong64": ["@typescript/typescript-linux-loong64@7.0.2", "", { "os": "linux", "cpu": "none" }, "sha512-uEHck9i8hoAzXPiYRib1O7miOnz23SxIeVl6F4LXox+qov1K35jHcEW6VHKvZI+pyvl7fZEP4MCU5LYvIq1GuQ=="],

    "@typescript/typescript-linux-mips64el": ["@typescript/typescript-linux-mips64el@7.0.2", "", { "os": "linux", "cpu": "none" }, "sha512-R4KvAMnE43W5Qeqb0Ly56O3mWMWIAgsMyz36DCaycd5nbg/9kzm0liw3JocfRqyJY0KPmzFjbswozXyW0DnIYA=="],

    "@typescript/typescript-linux-ppc64": ["@typescript/typescript-linux-ppc64@7.0.2", "", { "os": "linux", "cpu": "ppc64" }, "sha512-DORx5b3sd/4S7eayxm4FQv+A7CrkUIGRaHiwI8oiHTAI1fAPWhF4J0vAlkC8biAlHSVVwxMQ3tjZ2/DVbnQiiA=="],

    "@typescript/typescript-linux-riscv64": ["@typescript/typescript-linux-riscv64@7.0.2", "", { "os": "linux", "cpu": "none" }, "sha512-wf0jqEDOjrPRnKwYRyyJDRo11KMbvMFrU+q4zqKyChODBzvlkbhNQfKvLxQCcwTpdDaXSHZTVuh0JoCrKCUMHQ=="],

    "@typescript/typescript-linux-s390x": ["@typescript/typescript-linux-s390x@7.0.2", "", { "os": "linux", "cpu": "s390x" }, "sha512-IkwJc3L7yhytWd/ewjyxNDfOmswCm9GWMJT/ue/dU4aZNbwZeYAetq42VyLmsmSjvoX7z74X6ZaYCtzAr0EuGw=="],

    "@typescript/typescript-linux-x64": ["@typescript/typescript-linux-x64@7.0.2", "", { "os": "linux", "cpu": "x64" }, "sha512-EYdf2cNg7rgCWJnxCdJ+F3V39O8ihb37eHAu1LK8oAFizgTQbPOK7zHHXbPt8rX24COqODXeI3sIf0fCXG7H/A=="],

    "@typescript/typescript-netbsd-arm64": ["@typescript/typescript-netbsd-arm64@7.0.2", "", { "os": "none", "cpu": "arm64" }, "sha512-+polYF4MF04aPpO5FTkHran9yUQDSXqy5GiSDKpsll5jy3l3+g9QLhpf39T+ePtefhXLOGrLl0QIjkQP6VnelA=="],

    "@typescript/typescript-netbsd-x64": ["@typescript/typescript-netbsd-x64@7.0.2", "", { "os": "none", "cpu": "x64" }, "sha512-8YIT0EHM/3dq10ZOVF/A7pc/YSMtbcecct4rWtexrnSCHOPcpC2KTLXfTCR6vDpnSiY12heNb1GiN/wu+T/FyA=="],

    "@typescript/typescript-openbsd-arm64": ["@typescript/typescript-openbsd-arm64@7.0.2", "", { "os": "openbsd", "cpu": "arm64" }, "sha512-APT8+ClYnuYm1u9+kgGXoMj2VzWzcymwh2gNSQVySHfkRDGOTVkoWLjCmOQSaO+PoqQ57B0flRp9SA+7GnnkzQ=="],

    "@typescript/typescript-openbsd-x64": ["@typescript/typescript-openbsd-x64@7.0.2", "", { "os": "openbsd", "cpu": "x64" }, "sha512-yX7s+Q0Dln0Dt9tEzZsAjXXR/+ytBM7AlglaqyeMPxQszJ1JhlJdZ6jLA+IzldHtflX81em7lDao1xXu+aRRkg=="],

    "@typescript/typescript-sunos-x64": ["@typescript/typescript-sunos-x64@7.0.2", "", { "os": "sunos", "cpu": "x64" }, "sha512-dLJDGaLZ1D4HPQn62u1n8mBDkJREwMsAkCdkwd4Ieqw+x3TUyTsqY0YiBCtE6H6OzzgGk3iuZ3vFWRS+E8/d1g=="],

    "@typescript/typescript-win32-arm64": ["@typescript/typescript-win32-arm64@7.0.2", "", { "os": "win32", "cpu": "arm64" }, "sha512-Gyl1Vy6OsWesLzmq+EP0Fb7b4Nid5232AvcA2SFcdYreldpNtYFFofPjnt62y9hQy7VTaZp65ICJjuAQRaVcIQ=="],

    "@typescript/typescript-win32-x64": ["@typescript/typescript-win32-x64@7.0.2", "", { "os": "win32", "cpu": "x64" }, "sha512-0BQ3HkAHHlKLSp1qRvf3SUhGpGsDuhB/jgFw75guyqbxJqEaS0Cw/VFO8i2nHglJUzQCRtMMR/IBAKE3ETMC4g=="],

    "abort-controller": ["abort-controller@3.0.0", "", { "dependencies": { "event-target-shim": "^5.0.0" } }, "sha512-h8lQ8tacZYnR3vNQTgibj+tODHI5/+l06Au2Pcriv/Gmet0eaj4TwWH41sO9wnHDiQsEj19q0drzdWdeAHtweg=="],

    "ansi-regex": ["ansi-regex@5.0.1", "", {}, "sha512-quJQXlTSUGL2LH9SUXo8VwsY4soanhgo6LNSm84E1LBcE8s3O0wpdiRzyR9z/ZZJMlMWv37qOOb9pdJlMUEKFQ=="],

    "ansi-styles": ["ansi-styles@4.3.0", "", { "dependencies": { "color-convert": "^2.0.1" } }, "sha512-zbB9rCJAT1rbjiVDb2hqKFHNYLxgtk8NURxZ3IZwD3F6NtxbXZQCnnSi1Lkx+IDohdPlFp222wVALIheZJQSEg=="],

    "bun-types": ["bun-types@1.3.14", "", { "dependencies": { "@types/node": "*" } }, "sha512-4N0ig0fEomHt5R0KCFWjovxow98rIoRwKolrYdCcknNwMekCXRnWEUvgu5soYV8QXtVsrUD8B95MBOZGPvr6KQ=="],

    "cjs-module-lexer": ["cjs-module-lexer@2.2.1", "", {}, "sha512-Ca8swihM+/4yKecYHY52kgJd300hi2lADU/a1RxNTRe+RJ9jvqQlESpbz9DnG9mowez8qwXHB8qYdIUw9e+F5Q=="],

    "cliui": ["cliui@8.0.1", "", { "dependencies": { "string-width": "^4.2.0", "strip-ansi": "^6.0.1", "wrap-ansi": "^7.0.0" } }, "sha512-BSeNnyus75C4//NQ9gQt1/csTXyo/8Sb+afLAkzAptFuMsod9HFokGNudZpi/oQV73hnVK+sR+5PVRMd+Dr7YQ=="],

    "color-convert": ["color-convert@2.0.1", "", { "dependencies": { "color-name": "~1.1.4" } }, "sha512-RRECPsj7iu/xb5oKYcsFHSppFNnsj/52OVTRKb4zP5onXwVF3zVmmToNcOfGC+CRDpfK/U584fMg38ZHCaElKQ=="],

    "color-name": ["color-name@1.1.4", "", {}, "sha512-dOy+3AuW3a2wNbZHIuMZpTcgjGuLU/uBL/ubcZF9OXbDo8ff4O8yVp5Bf0efS8uEoYo5q4Fx7dY9OgQGXgAsQA=="],

    "cross-spawn": ["cross-spawn@7.0.6", "", { "dependencies": { "path-key": "^3.1.0", "shebang-command": "^2.0.0", "which": "^2.0.1" } }, "sha512-uV2QOWP2nWzsy2aMp8aRibhi9dlzF5Hgh5SHaB9OiTGEyDTiJJyx0uy51QXdyWbtAHNua4XJzUKca3OzKUd3vA=="],

    "debug": ["debug@4.4.3", "", { "dependencies": { "ms": "^2.1.3" }, "peerDependencies": { "supports-color": "*" }, "optionalPeers": ["supports-color"] }, "sha512-RGwwWnwQvkVfavKVt22FGLw+xYSdzARwm0ru6DhTVA3umU5hZc28V3kO4stgYryrTlLpuvgI9GiijltAjNbcqA=="],

    "emoji-regex": ["emoji-regex@8.0.0", "", {}, "sha512-MSjYzcWNOA0ewAHpz0MxpYFvwg6yjy1NG3xteoqz644VCo/RPgnr1/GGt+ic3iJTzQ8Eu3TdM14SawnVUmGE6A=="],

    "es-module-lexer": ["es-module-lexer@2.3.2", "", {}, "sha512-poHGpORABojJJucnV9KbOavETW8lBVnphkW77ER5/BQ5Fz7oXSoCNek7IH3vR5nRjdsEz926ibFYX8KtLQmdyw=="],

    "escalade": ["escalade@3.2.0", "", {}, "sha512-WUj2qlxaQtO4g6Pq5c29GTcWGDyd8itL8zTlipgECz3JesAiiOKotd8JU6otB3PACgG6xkJUyVhboMS+bje/jA=="],

    "event-target-shim": ["event-target-shim@5.0.1", "", {}, "sha512-i/2XbnSz/uxRCU6+NdVJgKWDTM427+MqYbkQzD321DuCQJUqOuJKIA0IM2+W2xtYHdKOmZ4dR6fExsd4SXL+WQ=="],

    "eventsource": ["eventsource@3.0.7", "", { "dependencies": { "eventsource-parser": "^3.0.1" } }, "sha512-CRT1WTyuQoD771GW56XEZFQ/ZoSfWid1alKGDYMmkt2yl8UXrVR4pspqWNEcqKvVIzg6PAltWjxcSSPrboA4iA=="],

    "eventsource-parser": ["eventsource-parser@3.1.1", "", {}, "sha512-EKN1vKAMcZ8MlYMpaNuxN6R9yakzH6uajHcHVTqWJzvu5pWw9DyhbP35HH8MVBQ+dZjAfDxk+A8NiR9KWaXiyQ=="],

    "get-caller-file": ["get-caller-file@2.0.5", "", {}, "sha512-DyFP3BM/3YHTQOCUL/w0OZHR0lpKeGrxotcHWcqNEdnltqFwXVfhEBQ94eIo34AfQpo0rGki4cyIiftY06h2Fg=="],

    "grammy": ["grammy@1.45.1", "", { "dependencies": { "@grammyjs/types": "4.0.0", "abort-controller": "^3.0.0", "debug": "^4.4.3", "node-fetch": "^2.7.0" } }, "sha512-Y4VL/hqJMZZxwlUr5ZgM68CFu2iIeEkNLR1cY3+Ww68CIvWARDsoXFix7+31rmyC0+7L85ZI+Pq3E5JSG5+nLQ=="],

    "import-in-the-middle": ["import-in-the-middle@3.3.3", "", { "dependencies": { "cjs-module-lexer": "^2.2.0", "es-module-lexer": "^2.2.0", "module-details-from-path": "^1.0.4" } }, "sha512-AiohS3H80sXO6owEltjGX+glb7qXaDhBoJb9XcQVH4UI207xu/bDLUcadVKp7Qe576reg9yr/PXZjV5qx8gfbA=="],

    "is-fullwidth-code-point": ["is-fullwidth-code-point@3.0.0", "", {}, "sha512-zymm5+u+sCsSWyD9qNaejV3DFvhCKclKdizYaJUuHA83RLjb7nSuGnddCHGv0hk+KY7BMAlsWeK4Ueg6EV6XQg=="],

    "isexe": ["isexe@2.0.0", "", {}, "sha512-RHxMLp9lnKHGHRng9QFhRCMbYAcVpn69smSGcq3f36xjgVVWThj4qqLbTLlq7Ssj8B+fIQ1EuCEGI2lKsyQeIw=="],

    "jose": ["jose@6.2.9", "", {}, "sha512-XrchZOFZUl/T3vTwRe8XK+cJrGtMF4th1ARnDfwbBXFKThGhlsxEE4Zu03AD/bjJSt/9jT/mxrOCkJWOg77aPA=="],

    "lodash.camelcase": ["lodash.camelcase@4.3.0", "", {}, "sha512-TwuEnCnxbc3rAvhf/LbG7tJUDzhqXyFnv3dtzLOPgCG/hODL7WFnsbwktkD7yUV0RrreP/l1PALq/YSg6VvjlA=="],

    "long": ["long@5.3.2", "", {}, "sha512-mNAgZ1GmyNhD7AuqnTG3/VQ26o760+ZYBPKjPvugO8+nLbYfX6TVpJPseBvopbdY+qpZ/lKUnmEc1LeZYS3QAA=="],

    "module-details-from-path": ["module-details-from-path@1.0.4", "", {}, "sha512-EGWKgxALGMgzvxYF1UyGTy0HXX/2vHLkw6+NvDKW2jypWbHpjQuj4UMcqQWXHERJhVGKikolT06G3bcKe4fi7w=="],

    "ms": ["ms@2.1.3", "", {}, "sha512-6FlzubTLZG3J2a/NVCAleEhjzq5oxgHyaCU9yYXvcLsvoVaHJq/s5xXI6/XXP6tz7R9xAOtHnSO/tXtF3WRTlA=="],

    "node-fetch": ["node-fetch@2.7.0", "", { "dependencies": { "whatwg-url": "^5.0.0" }, "peerDependencies": { "encoding": "^0.1.0" }, "optionalPeers": ["encoding"] }, "sha512-c4FRfUm/dbcWZ7U+1Wq0AwCyFL+3nt2bEw05wfxSz+DWpWsitgmSgYmy2dQdWyKC1694ELPqMs/YzUSNozLt8A=="],

    "path-key": ["path-key@3.1.1", "", {}, "sha512-ojmeN0qd+y0jszEtoY48r0Peq5dwMEkIlCOu6Q5f41lfkswXuKtYrhgoTpLnyIcHm24Uhqx+5Tqm2InSwLhE6Q=="],

    "pkce-challenge": ["pkce-challenge@5.0.1", "", {}, "sha512-wQ0b/W4Fr01qtpHlqSqspcj3EhBvimsdh0KlHhH8HRZnMsEa0ea2fTULOXOS9ccQr3om+GcGRk4e+isrZWV8qQ=="],

    "protobufjs": ["protobufjs@7.6.5", "", { "dependencies": { "@protobufjs/aspromise": "^1.1.2", "@protobufjs/base64": "^1.1.2", "@protobufjs/codegen": "^2.0.5", "@protobufjs/eventemitter": "^1.1.1", "@protobufjs/fetch": "^1.1.1", "@protobufjs/float": "^1.0.2", "@protobufjs/path": "^1.1.2", "@protobufjs/pool": "^1.1.0", "@protobufjs/utf8": "^1.1.1", "@types/node": ">=13.7.0", "long": "^5.3.2" } }, "sha512-/FPD0nUc9jH6rfFjji9IBqOz4pcSE3CsT1m7Ep6Mdb0LxSUMj8hgl6GomOvZzpNpAqqGaXA0P3VSrZLFzIhQrw=="],

    "require-directory": ["require-directory@2.1.1", "", {}, "sha512-fGxEI7+wsG9xrvdjsrlmL22OMTTiHRwAMroiEeMgq8gzoLC/PQr7RsRDSTLUg/bZAZtF+TVIkHc6/4RIKrui+Q=="],

    "require-in-the-middle": ["require-in-the-middle@8.0.1", "", { "dependencies": { "debug": "^4.3.5", "module-details-from-path": "^1.0.3" } }, "sha512-QT7FVMXfWOYFbeRBF6nu+I6tr2Tf3u0q8RIEjNob/heKY/nh7drD/k7eeMFmSQgnTtCzLDcCu/XEnpW2wk4xCQ=="],

    "shebang-command": ["shebang-command@2.0.0", "", { "dependencies": { "shebang-regex": "^3.0.0" } }, "sha512-kHxr2zZpYtdmrN1qDjrrX/Z1rR1kG8Dx+gkpK1G4eXmvXswmcE1hTWBWYUzlraYw1/yZp6YuDY77YtvbN0dmDA=="],

    "shebang-regex": ["shebang-regex@3.0.0", "", {}, "sha512-7++dFhtcx3353uBaq8DDR4NuxBetBzC7ZQOhmTQInHEd6bSrXdiEyzCvG07Z44UYdLShWUyXt5M/yhz8ekcb1A=="],

    "string-width": ["string-width@4.2.3", "", { "dependencies": { "emoji-regex": "^8.0.0", "is-fullwidth-code-point": "^3.0.0", "strip-ansi": "^6.0.1" } }, "sha512-wKyQRQpjJ0sIp62ErSZdGsjMJWsap5oRNihHhu6G7JVO/9jIB6UyevL+tXuOqrng8j/cxKTWyWUwvSTriiZz/g=="],

    "strip-ansi": ["strip-ansi@6.0.1", "", { "dependencies": { "ansi-regex": "^5.0.1" } }, "sha512-Y38VPSHcqkFrCpFnQ9vuSXmquuv5oXOKpGeT6aGrr3o3Gc9AlVa6JBfUSOCnbxGGZF+/0ooI7KrPuUSztUdU5A=="],

    "tr46": ["tr46@0.0.3", "", {}, "sha512-N3WMsuqV66lT30CrXNbEjx4GEwlow3v6rr4mCcv6prnfwhS01rkgyFdjPNBYd9br7LpXV1+Emh01fHnq2Gdgrw=="],

    "typescript": ["typescript@7.0.2", "", { "optionalDependencies": { "@typescript/typescript-aix-ppc64": "7.0.2", "@typescript/typescript-darwin-arm64": "7.0.2", "@typescript/typescript-darwin-x64": "7.0.2", "@typescript/typescript-freebsd-arm64": "7.0.2", "@typescript/typescript-freebsd-x64": "7.0.2", "@typescript/typescript-linux-arm": "7.0.2", "@typescript/typescript-linux-arm64": "7.0.2", "@typescript/typescript-linux-loong64": "7.0.2", "@typescript/typescript-linux-mips64el": "7.0.2", "@typescript/typescript-linux-ppc64": "7.0.2", "@typescript/typescript-linux-riscv64": "7.0.2", "@typescript/typescript-linux-s390x": "7.0.2", "@typescript/typescript-linux-x64": "7.0.2", "@typescript/typescript-netbsd-arm64": "7.0.2", "@typescript/typescript-netbsd-x64": "7.0.2", "@typescript/typescript-openbsd-arm64": "7.0.2", "@typescript/typescript-openbsd-x64": "7.0.2", "@typescript/typescript-sunos-x64": "7.0.2", "@typescript/typescript-win32-arm64": "7.0.2", "@typescript/typescript-win32-x64": "7.0.2" }, "bin": { "tsc": "bin/tsc" } }, "sha512-8FYau96o3NKOhbjKi/qNvG/W5jhzxkbdm5sj9AbZ/5T5sWqn3hJgLfGx27sRKZWTvyzCP8dLRBTf5tBTSRVUNA=="],

    "undici-types": ["undici-types@8.3.0", "", {}, "sha512-j375ScV60dom+YkPFIfTLcOiPxkN/buHz5GobjLhixFuANaNs3C9l4GmrWqejgXWJ7BbJcFYpTEUkS1Ge8bpZQ=="],

    "webidl-conversions": ["webidl-conversions@3.0.1", "", {}, "sha512-2JAn3z8AR6rjK8Sm8orRC0h/bcl/DqL7tRPdGZ4I1CjdF+EaMLmYxBHyXuKL849eucPFhvBoxMsflfOb8kxaeQ=="],

    "whatwg-url": ["whatwg-url@5.0.0", "", { "dependencies": { "tr46": "~0.0.3", "webidl-conversions": "^3.0.0" } }, "sha512-saE57nupxk6v3HY35+jzBwYa0rKSy0XR8JSxZPwgLr7ys0IBzhGviA1/TUGJLmSVqs8pb9AnvICXEuOHLprYTw=="],

    "which": ["which@2.0.2", "", { "dependencies": { "isexe": "^2.0.0" }, "bin": { "node-which": "./bin/node-which" } }, "sha512-BLI3Tl1TW3Pvl70l3yq3Y64i+awpwXqsGBYWkkqMtnbXgrMD+yj7rhW0kuEDxzJaYXGjEW5ogapKNMEKNMjibA=="],

    "wrap-ansi": ["wrap-ansi@7.0.0", "", { "dependencies": { "ansi-styles": "^4.0.0", "string-width": "^4.1.0", "strip-ansi": "^6.0.0" } }, "sha512-YVGIj2kamLSTxw6NsZjoBxfSwsn0ycdesmc4p+Q21c5zPuZ1pl+NfxVdxPtdHvmNVOQ6XSYG4AUtyt/Fi7D16Q=="],

    "y18n": ["y18n@5.0.8", "", {}, "sha512-0pfFzegeDWJHJIAmTLRP2DwHjdF5s7jo9tuztdQxAhINCdvS+3nGINqPd00AphqJR/0LhANUS6/+7SCb98YOfA=="],

    "yaml": ["yaml@2.9.0", "", { "bin": { "yaml": "bin.mjs" } }, "sha512-2AvhNX3mb8zd6Zy7INTtSpl1F15HW6Wnqj0srWlkKLcpYl/gMIMJiyuGq2KeI2YFxUPjdlB+3Lc10seMLtL4cA=="],

    "yargs": ["yargs@17.7.3", "", { "dependencies": { "cliui": "^8.0.1", "escalade": "^3.1.1", "get-caller-file": "^2.0.5", "require-directory": "^2.1.1", "string-width": "^4.2.3", "y18n": "^5.0.5", "yargs-parser": "^21.1.1" } }, "sha512-GZtjxm/J/4TSxuL3FNYjCmLktBTnIw/rVmKSIyKeYAZpmJB2ig9VauCC5xsa82GNKVKDAqpOn3KVzNt0zmrU0g=="],

    "yargs-parser": ["yargs-parser@21.1.1", "", {}, "sha512-tVpsJW7DdjecAiFpbIB1e3qxIQsE6NoPc5/eTdrbbIC4h0LVsWhnoa3g+m2HclBIujHzsxZ4VJVA+GUuc2/LBw=="],

    "zod": ["zod@4.4.3", "", {}, "sha512-ytENFjIJFl2UwYglde2jchW2Hwm4GJFLDiSXWdTrJQBIN9Fcyp7n4DhxJEiWNAJMV1/BqWfW/kkg71UDcHJyTQ=="],
  }
}
